// !$*UTF8*$!
{
	archiveVersion = 1;
	classes = {
	};
	objectVersion = 50;
	objects = {

/* Begin PBXBuildFile section */
		2662AA712459ADCB00FD3014 /* AppDelegate.swift in Sources */ = {isa = PBXBuildFile; fileRef = 2662AA702459ADCB00FD3014 /* AppDelegate.swift */; };
		2662AA732459ADCB00FD3014 /* SceneDelegate.swift in Sources */ = {isa = PBXBuildFile; fileRef = 2662AA722459ADCB00FD3014 /* SceneDelegate.swift */; };
		2662AA752459ADCB00FD3014 /* ViewController.swift in Sources */ = {isa = PBXBuildFile; fileRef = 2662AA742459ADCB00FD3014 /* ViewController.swift */; };
		2662AA782459ADCB00FD3014 /* Main.storyboard in Resources */ = {isa = PBXBuildFile; fileRef = 2662AA762459ADCB00FD3014 /* Main.storyboard */; };
		2662AA7A2459ADD000FD3014 /* Assets.xcassets in Resources */ = {isa = PBXBuildFile; fileRef = 2662AA792459ADD000FD3014 /* Assets.xcassets */; };
		2662AA7D2459ADD000FD3014 /* LaunchScreen.storyboard in Resources */ = {isa = PBXBuildFile; fileRef = 2662AA7B2459ADD000FD3014 /* LaunchScreen.storyboard */; };
		2662AA882459ADD000FD3014 /* layoutDSLTests.swift in Sources */ = {isa = PBXBuildFile; fileRef = 2662AA872459ADD000FD3014 /* layoutDSLTests.swift */; };
		2662AA932459ADD000FD3014 /* layoutDSLUITests.swift in Sources */ = {isa = PBXBuildFile; fileRef = 2662AA922459ADD000FD3014 /* layoutDSLUITests.swift */; };
		2662AAA22459B80D00FD3014 /* LayoutAnchor.swift in Sources */ = {isa = PBXBuildFile; fileRef = 2662AAA12459B80D00FD3014 /* LayoutAnchor.swift */; };
		2662AAA42459B86200FD3014 /* LayoutProxy.swift in Sources */ = {isa = PBXBuildFile; fileRef = 2662AAA32459B86200FD3014 /* LayoutProxy.swift */; };
/* End PBXBuildFile section */

/* Begin PBXContainerItemProxy section */
		2662AA842459ADD000FD3014 /* PBXContainerItemProxy */ = {
			isa = PBXContainerItemProxy;
			containerPortal = 2662AA652459ADCB00FD3014 /* Project object */;
			proxyType = 1;
			remoteGlobalIDString = 2662AA6C2459ADCB00FD3014;
			remoteInfo = layoutDSL;
		};
		2662AA8F2459ADD000FD3014 /* PBXContainerItemProxy */ = {
			isa = PBXContainerItemProxy;
			containerPortal = 2662AA652459ADCB00FD3014 /* Project object */;
			proxyType = 1;
			remoteGlobalIDString = 2662AA6C2459ADCB00FD3014;
			remoteInfo = layoutDSL;
		};
/* End PBXContainerItemProxy section */

/* Begin PBXFileReference section */
		2662AA6D2459ADCB00FD3014 /* layoutDSL.app */ = {isa = PBXFileReference; explicitFileType = wrapper.application; includeInIndex = 0; path = layoutDSL.app; sourceTree = BUILT_PRODUCTS_DIR; };
		2662AA702459ADCB00FD3014 /* AppDelegate.swift */ = {isa = PBXFileReference; lastKnownFileType = sourcecode.swift; path = AppDelegate.swift; sourceTree = "<group>"; };
		2662AA722459ADCB00FD3014 /* SceneDelegate.swift */ = {isa = PBXFileReference; lastKnownFileType = sourcecode.swift; path = SceneDelegate.swift; sourceTree = "<group>"; };
		2662AA742459ADCB00FD3014 /* ViewController.swift */ = {isa = PBXFileReference; lastKnownFileType = sourcecode.swift; path = ViewController.swift; sourceTree = "<group>"; };
		2662AA772459ADCB00FD3014 /* Base */ = {isa = PBXFileReference; lastKnownFileType = file.storyboard; name = Base; path = Base.lproj/Main.storyboard; sourceTree = "<group>"; };
		2662AA792459ADD000FD3014 /* Assets.xcassets */ = {isa = PBXFileReference; lastKnownFileType = folder.assetcatalog; path = Assets.xcassets; sourceTree = "<group>"; };
		2662AA7C2459ADD000FD3014 /* Base */ = {isa = PBXFileReference; lastKnownFileType = file.storyboard; name = Base; path = Base.lproj/LaunchScreen.storyboard; sourceTree = "<group>"; };
		2662AA7E2459ADD000FD3014 /* Info.plist */ = {isa = PBXFileReference; lastKnownFileType = text.plist.xml; path = Info.plist; sourceTree = "<group>"; };
		2662AA832459ADD000FD3014 /* layoutDSLTests.xctest */ = {isa = PBXFileReference; explicitFileType = wrapper.cfbundle; includeInIndex = 0; path = layoutDSLTests.xctest; sourceTree = BUILT_PRODUCTS_DIR; };
		2662AA872459ADD000FD3014 /* layoutDSLTests.swift */ = {isa = PBXFileReference; lastKnownFileType = sourcecode.swift; path = layoutDSLTests.swift; sourceTree = "<group>"; };
		2662AA892459ADD000FD3014 /* Info.plist */ = {isa = PBXFileReference; lastKnownFileType = text.plist.xml; path = Info.plist; sourceTree = "<group>"; };
		2662AA8E2459ADD000FD3014 /* layoutDSLUITests.xctest */ = {isa = PBXFileReference; explicitFileType = wrapper.cfbundle; includeInIndex = 0; path = layoutDSLUITests.xctest; sourceTree = BUILT_PRODUCTS_DIR; };
		2662AA922459ADD000FD3014 /* layoutDSLUITests.swift */ = {isa = PBXFileReference; lastKnownFileType = sourcecode.swift; path = layoutDSLUITests.swift; sourceTree = "<group>"; };
		2662AA942459ADD000FD3014 /* Info.plist */ = {isa = PBXFileReference; lastKnownFileType = text.plist.xml; path = Info.plist; sourceTree = "<group>"; };
		2662AAA12459B80D00FD3014 /* LayoutAnchor.swift */ = {isa = PBXFileReference; lastKnownFileType = sourcecode.swift; path = LayoutAnchor.swift; sourceTree = "<group>"; };
		2662AAA32459B86200FD3014 /* LayoutProxy.swift */ = {isa = PBXFileReference; lastKnownFileType = sourcecode.swift; path = LayoutProxy.swift; sourceTree = "<group>"; };
/* End PBXFileReference section */

/* Begin PBXFrameworksBuildPhase section */
		2662AA6A2459ADCB00FD3014 /* Frameworks */ = {
			isa = PBXFrameworksBuildPhase;
			buildActionMask = 2147483647;
			files = (
			);
			runOnlyForDeploymentPostprocessing = 0;
		};
		2662AA802459ADD000FD3014 /* Frameworks */ = {
			isa = PBXFrameworksBuildPhase;
			buildActionMask = 2147483647;
			files = (
			);
			runOnlyForDeploymentPostprocessing = 0;
		};
		2662AA8B2459ADD000FD3014 /* Frameworks */ = {
			isa = PBXFrameworksBuildPhase;
			buildActionMask = 2147483647;
			files = (
			);
			runOnlyForDeploymentPostprocessing = 0;
		};
/* End PBXFrameworksBuildPhase section */

/* Begin PBXGroup section */
		2662AA642459ADCB00FD3014 = {
			isa = PBXGroup;
			children = (
				2662AA6F2459ADCB00FD3014 /* layoutDSL */,
				2662AA862459ADD000FD3014 /* layoutDSLTests */,
				2662AA912459ADD000FD3014 /* layoutDSLUITests */,
				2662AA6E2459ADCB00FD3014 /* Products */,
			);
			sourceTree = "<group>";
		};
		2662AA6E2459ADCB00FD3014 /* Products */ = {
			isa = PBXGroup;
			children = (
				2662AA6D2459ADCB00FD3014 /* layoutDSL.app */,
				2662AA832459ADD000FD3014 /* layoutDSLTests.xctest */,
				2662AA8E2459ADD000FD3014 /* layoutDSLUITests.xctest */,
			);
			name = Products;
			sourceTree = "<group>";
		};
		2662AA6F2459ADCB00FD3014 /* layoutDSL */ = {
			isa = PBXGroup;
			children = (
				2662AAA02459B7F900FD3014 /* Layout */,
				2662AA702459ADCB00FD3014 /* AppDelegate.swift */,
				2662AA722459ADCB00FD3014 /* SceneDelegate.swift */,
				2662AA742459ADCB00FD3014 /* ViewController.swift */,
				2662AA762459ADCB00FD3014 /* Main.storyboard */,
				2662AA792459ADD000FD3014 /* Assets.xcassets */,
				2662AA7B2459ADD000FD3014 /* LaunchScreen.storyboard */,
				2662AA7E2459ADD000FD3014 /* Info.plist */,
			);
			path = layoutDSL;
			sourceTree = "<group>";
		};
		2662AA862459ADD000FD3014 /* layoutDSLTests */ = {
			isa = PBXGroup;
			children = (
				2662AA872459ADD000FD3014 /* layoutDSLTests.swift */,
				2662AA892459ADD000FD3014 /* Info.plist */,
			);
			path = layoutDSLTests;
			sourceTree = "<group>";
		};
		2662AA912459ADD000FD3014 /* layoutDSLUITests */ = {
			isa = PBXGroup;
			children = (
				2662AA922459ADD000FD3014 /* layoutDSLUITests.swift */,
				2662AA942459ADD000FD3014 /* Info.plist */,
			);
			path = layoutDSLUITests;
			sourceTree = "<group>";
		};
		2662AAA02459B7F900FD3014 /* Layout */ = {
			isa = PBXGroup;
			children = (
				2662AAA12459B80D00FD3014 /* LayoutAnchor.swift */,
				2662AAA32459B86200FD3014 /* LayoutProxy.swift */,
			);
			path = Layout;
			sourceTree = "<group>";
		};
/* End PBXGroup section */

/* Begin PBXNativeTarget section */
		2662AA6C2459ADCB00FD3014 /* layoutDSL */ = {
			isa = PBXNativeTarget;
			buildConfigurationList = 2662AA972459ADD000FD3014 /* Build configuration list for PBXNativeTarget "layoutDSL" */;
			buildPhases = (
				2662AA692459ADCB00FD3014 /* Sources */,
				2662AA6A2459ADCB00FD3014 /* Frameworks */,
				2662AA6B2459ADCB00FD3014 /* Resources */,
			);
			buildRules = (
			);
			dependencies = (
			);
			name = layoutDSL;
			productName = layoutDSL;
			productReference = 2662AA6D2459ADCB00FD3014 /* layoutDSL.app */;
			productType = "com.apple.product-type.application";
		};
		2662AA822459ADD000FD3014 /* layoutDSLTests */ = {
			isa = PBXNativeTarget;
			buildConfigurationList = 2662AA9A2459ADD000FD3014 /* Build configuration list for PBXNativeTarget "layoutDSLTests" */;
			buildPhases = (
				2662AA7F2459ADD000FD3014 /* Sources */,
				2662AA802459ADD000FD3014 /* Frameworks */,
				2662AA812459ADD000FD3014 /* Resources */,
			);
			buildRules = (
			);
			dependencies = (
				2662AA852459ADD000FD3014 /* PBXTargetDependency */,
			);
			name = layoutDSLTests;
			productName = layoutDSLTests;
			productReference = 2662AA832459ADD000FD3014 /* layoutDSLTests.xctest */;
			productType = "com.apple.product-type.bundle.unit-test";
		};
		2662AA8D2459ADD000FD3014 /* layoutDSLUITests */ = {
			isa = PBXNativeTarget;
			buildConfigurationList = 2662AA9D2459ADD000FD3014 /* Build configuration list for PBXNativeTarget "layoutDSLUITests" */;
			buildPhases = (
				2662AA8A2459ADD000FD3014 /* Sources */,
				2662AA8B2459ADD000FD3014 /* Frameworks */,
				2662AA8C2459ADD000FD3014 /* Resources */,
			);
			buildRules = (
			);
			dependencies = (
				2662AA902459ADD000FD3014 /* PBXTargetDependency */,
			);
			name = layoutDSLUITests;
			productName = layoutDSLUITests;
			productReference = 2662AA8E2459ADD000FD3014 /* layoutDSLUITests.xctest */;
			productType = "com.apple.product-type.bundle.ui-testing";
		};
/* End PBXNativeTarget section */

/* Begin PBXProject section */
		2662AA652459ADCB00FD3014 /* Project object */ = {
			isa = PBXProject;
			attributes = {
				LastSwiftUpdateCheck = 1140;
				LastUpgradeCheck = 1140;
				ORGANIZATIONNAME = "Jz D";
				TargetAttributes = {
					2662AA6C2459ADCB00FD3014 = {
						CreatedOnToolsVersion = 11.4;
					};
					2662AA822459ADD000FD3014 = {
						CreatedOnToolsVersion = 11.4;
						TestTargetID = 2662AA6C2459ADCB00FD3014;
					};
					2662AA8D2459ADD000FD3014 = {
						CreatedOnToolsVersion = 11.4;
						TestTargetID = 2662AA6C2459ADCB00FD3014;
					};
				};
			};
			buildConfigurationList = 2662AA682459ADCB00FD3014 /* Build configuration list for PBXProject "layoutDSL" */;
			compatibilityVersion = "Xcode 9.3";
			developmentRegion = en;
			hasScannedForEncodings = 0;
			knownRegions = (
				en,
				Base,
			);
			mainGroup = 2662AA642459ADCB00FD3014;
			productRefGroup = 2662AA6E2459ADCB00FD3014 /* Products */;
			projectDirPath = "";
			projectRoot = "";
			targets = (
				2662AA6C2459ADCB00FD3014 /* layoutDSL */,
				2662AA822459ADD000FD3014 /* layoutDSLTests */,
				2662AA8D2459ADD000FD3014 /* layoutDSLUITests */,
			);
		};
/* End PBXProject section */

/* Begin PBXResourcesBuildPhase section */
		2662AA6B2459ADCB00FD3014 /* Resources */ = {
			isa = PBXResourcesBuildPhase;
			buildActionMask = 2147483647;
			files = (
				2662AA7D2459ADD000FD3014 /* LaunchScreen.storyboard in Resources */,
				2662AA7A2459ADD000FD3014 /* Assets.xcassets in Resources */,
				2662AA782459ADCB00FD3014 /* Main.storyboard in Resources */,
			);
			runOnlyForDeploymentPostprocessing = 0;
		};
		2662AA812459ADD000FD3014 /* Resources */ = {
			isa = PBXResourcesBuildPhase;
			buildActionMask = 2147483647;
			files = (
			);
			runOnlyForDeploymentPostprocessing = 0;
		};
		2662AA8C2459ADD000FD3014 /* Resources */ = {
			isa = PBXResourcesBuildPhase;
			buildActionMask = 2147483647;
			files = (
			);
			runOnlyForDeploymentPostprocessing = 0;
		};
/* End PBXResourcesBuildPhase section */

/* Begin PBXSourcesBuildPhase section */
		2662AA692459ADCB00FD3014 /* Sources */ = {
			isa = PBXSourcesBuildPhase;
			buildActionMask = 2147483647;
			files = (
				2662AA752459ADCB00FD3014 /* ViewController.swift in Sources */,
				2662AA712459ADCB00FD3014 /* AppDelegate.swift in Sources */,
				2662AAA22459B80D00FD3014 /* LayoutAnchor.swift in Sources */,
				2662AAA42459B86200FD3014 /* LayoutProxy.swift in Sources */,
				2662AA732459ADCB00FD3014 /* SceneDelegate.swift in Sources */,
			);
			runOnlyForDeploymentPostprocessing = 0;
		};
		2662AA7F2459ADD000FD3014 /* Sources */ = {
			isa = PBXSourcesBuildPhase;
			buildActionMask = 2147483647;
			files = (
				2662AA882459ADD000FD3014 /* layoutDSLTests.swift in Sources */,
			);
			runOnlyForDeploymentPostprocessing = 0;
		};
		2662AA8A2459ADD000FD3014 /* Sources */ = {
			isa = PBXSourcesBuildPhase;
			buildActionMask = 2147483647;
			files = (
				2662AA932459ADD000FD3014 /* layoutDSLUITests.swift in Sources */,
			);
			runOnlyForDeploymentPostprocessing = 0;
		};
/* End PBXSourcesBuildPhase section */

/* Begin PBXTargetDependency section */
		2662AA852459ADD000FD3014 /* PBXTargetDependency */ = {
			isa = PBXTargetDependency;
			target = 2662AA6C2459ADCB00FD3014 /* layoutDSL */;
			targetProxy = 2662AA842459ADD000FD3014 /* PBXContainerItemProxy */;
		};
		2662AA902459ADD000FD3014 /* PBXTargetDependency */ = {
			isa = PBXTargetDependency;
			target = 2662AA6C2459ADCB00FD3014 /* layoutDSL */;
			targetProxy = 2662AA8F2459ADD000FD3014 /* PBXContainerItemProxy */;
		};
/* End PBXTargetDependency section */

/* Begin PBXVariantGroup section */
		2662AA762459ADCB00FD3014 /* Main.storyboard */ = {
			isa = PBXVariantGroup;
			children = (
				2662AA772459ADCB00FD3014 /* Base */,
			);
			name = Main.storyboard;
			sourceTree = "<group>";
		};
		2662AA7B2459ADD000FD3014 /* LaunchScreen.storyboard */ = {
			isa = PBXVariantGroup;
			children = (
				2662AA7C2459ADD000FD3014 /* Base */,
			);
			name = LaunchScreen.storyboard;
			sourceTree = "<group>";
		};
/* End PBXVariantGroup section */

/* Begin XCBuildConfiguration section */
		2662AA952459ADD000FD3014 /* Debug */ = {
			isa = XCBuildConfiguration;
			buildSettings = {
				ALWAYS_SEARCH_USER_PATHS = NO;
				CLANG_ANALYZER_NONNULL = YES;
				CLANG_ANALYZER_NUMBER_OBJECT_CONVERSION = YES_AGGRESSIVE;
				CLANG_CXX_LANGUAGE_STANDARD = "gnu++14";
				CLANG_CXX_LIBRARY = "libc++";
				CLANG_ENABLE_MODULES = YES;
				CLANG_ENABLE_OBJC_ARC = YES;
				CLANG_ENABLE_OBJC_WEAK = YES;
				CLANG_WARN_BLOCK_CAPTURE_AUTORELEASING = YES;
				CLANG_WARN_BOOL_CONVERSION = YES;
				CLANG_WARN_COMMA = YES;
				CLANG_WARN_CONSTANT_CONVERSION = YES;
				CLANG_WARN_DEPRECATED_OBJC_IMPLEMENTATIONS = YES;
				CLANG_WARN_DIRECT_OBJC_ISA_USAGE = YES_ERROR;
				CLANG_WARN_DOCUMENTATION_COMMENTS = YES;
				CLANG_WARN_EMPTY_BODY = YES;
				CLANG_WARN_ENUM_CONVERSION = YES;
				CLANG_WARN_INFINITE_RECURSION = YES;
				CLANG_WARN_INT_CONVERSION = YES;
				CLANG_WARN_NON_LITERAL_NULL_CONVERSION = YES;
				CLANG_WARN_OBJC_IMPLICIT_RETAIN_SELF = YES;
				CLANG_WARN_OBJC_LITERAL_CONVERSION = YES;
				CLANG_WARN_OBJC_ROOT_CLASS = YES_ERROR;
				CLANG_WARN_RANGE_LOOP_ANALYSIS = YES;
				CLANG_WARN_STRICT_PROTOTYPES = YES;
				CLANG_WARN_SUSPICIOUS_MOVE = YES;
				CLANG_WARN_UNGUARDED_AVAILABILITY = YES_AGGRESSIVE;
				CLANG_WARN_UNREACHABLE_CODE = YES;
				CLANG_WARN__DUPLICATE_METHOD_MATCH = YES;
				COPY_PHASE_STRIP = NO;
				DEBUG_INFORMATION_FORMAT = dwarf;
				ENABLE_STRICT_OBJC_MSGSEND = YES;
				ENABLE_TESTABILITY = YES;
				GCC_C_LANGUAGE_STANDARD = gnu11;
				GCC_DYNAMIC_NO_PIC = NO;
				GCC_NO_COMMON_BLOCKS = YES;
				GCC_OPTIMIZATION_LEVEL = 0;
				GCC_PREPROCESSOR_DEFINITIONS = (
					"DEBUG=1",
					"$(inherited)",
				);
				GCC_WARN_64_TO_32_BIT_CONVERSION = YES;
				GCC_WARN_ABOUT_RETURN_TYPE = YES_ERROR;
				GCC_WARN_UNDECLARED_SELECTOR = YES;
				GCC_WARN_UNINITIALIZED_AUTOS = YES_AGGRESSIVE;
				GCC_WARN_UNUSED_FUNCTION = YES;
				GCC_WARN_UNUSED_VARIABLE = YES;
				IPHONEOS_DEPLOYMENT_TARGET = 13.4;
				MTL_ENABLE_DEBUG_INFO = INCLUDE_SOURCE;
				MTL_FAST_MATH = YES;
				ONLY_ACTIVE_ARCH = YES;
				SDKROOT = iphoneos;
				SWIFT_ACTIVE_COMPILATION_CONDITIONS = DEBUG;
				SWIFT_OPTIMIZATION_LEVEL = "-Onone";
			};
			name = Debug;
		};
		2662AA962459ADD000FD3014 /* Release */ = {
			isa = XCBuildConfiguration;
			buildSettings = {
				ALWAYS_SEARCH_USER_PATHS = NO;
				CLANG_ANALYZER_NONNULL = YES;
				CLANG_ANALYZER_NUMBER_OBJECT_CONVERSION = YES_AGGRESSIVE;
				CLANG_CXX_LANGUAGE_STANDARD = "gnu++14";
				CLANG_CXX_LIBRARY = "libc++";
				CLANG_ENABLE_MODULES = YES;
				CLANG_ENABLE_OBJC_ARC = YES;
				CLANG_ENABLE_OBJC_WEAK = YES;
				CLANG_WARN_BLOCK_CAPTURE_AUTORELEASING = YES;
				CLANG_WARN_BOOL_CONVERSION = YES;
				CLANG_WARN_COMMA = YES;
				CLANG_WARN_CONSTANT_CONVERSION = YES;
				CLANG_WARN_DEPRECATED_OBJC_IMPLEMENTATIONS = YES;
				CLANG_WARN_DIRECT_OBJC_ISA_USAGE = YES_ERROR;
				CLANG_WARN_DOCUMENTATION_COMMENTS = YES;
				CLANG_WARN_EMPTY_BODY = YES;
				CLANG_WARN_ENUM_CONVERSION = YES;
				CLANG_WARN_INFINITE_RECURSION = YES;
				CLANG_WARN_INT_CONVERSION = YES;
				CLANG_WARN_NON_LITERAL_NULL_CONVERSION = YES;
				CLANG_WARN_OBJC_IMPLICIT_RETAIN_SELF = YES;
				CLANG_WARN_OBJC_LITERAL_CONVERSION = YES;
				CLANG_WARN_OBJC_ROOT_CLASS = YES_ERROR;
				CLANG_WARN_RANGE_LOOP_ANALYSIS = YES;
				CLANG_WARN_STRICT_PROTOTYPES = YES;
				CLANG_WARN_SUSPICIOUS_MOVE = YES;
				CLANG_WARN_UNGUARDED_AVAILABILITY = YES_AGGRESSIVE;
				CLANG_WARN_UNREACHABLE_CODE = YES;
				CLANG_WARN__DUPLICATE_METHOD_MATCH = YES;
				COPY_PHASE_STRIP = NO;
				DEBUG_INFORMATION_FORMAT = "dwarf-with-dsym";
				ENABLE_NS_ASSERTIONS = NO;
				ENABLE_STRICT_OBJC_MSGSEND = YES;
				GCC_C_LANGUAGE_STANDARD = gnu11;
				GCC_NO_COMMON_BLOCKS = YES;
				GCC_WARN_64_TO_32_BIT_CONVERSION = YES;
				GCC_WARN_ABOUT_RETURN_TYPE = YES_ERROR;
				GCC_WARN_UNDECLARED_SELECTOR = YES;
				GCC_WARN_UNINITIALIZED_AUTOS = YES_AGGRESSIVE;
				GCC_WARN_UNUSED_FUNCTION = YES;
				GCC_WARN_UNUSED_VARIABLE = YES;
				IPHONEOS_DEPLOYMENT_TARGET = 13.4;
				MTL_ENABLE_DEBUG_INFO = NO;
				MTL_FAST_MATH = YES;
				SDKROOT = iphoneos;
				SWIFT_COMPILATION_MODE = wholemodule;
				SWIFT_OPTIMIZATION_LEVEL = "-O";
				VALIDATE_PRODUCT = YES;
			};
			name = Release;
		};
		2662AA982459ADD000FD3014 /* Debug */ = {
			isa = XCBuildConfiguration;
			buildSettings = {
				ASSETCATALOG_COMPILER_APPICON_NAME = AppIcon;
				CODE_SIGN_STYLE = Automatic;
				DEVELOPMENT_TEAM = D878P8TW6L;
				INFOPLIST_FILE = layoutDSL/Info.plist;
				LD_RUNPATH_SEARCH_PATHS = (
					"$(inherited)",
					"@executable_path/Frameworks",
				);
				PRODUCT_BUNDLE_IDENTIFIER = com.photod.mnc.layoutDSL;
				PRODUCT_NAME = "$(TARGET_NAME)";
				SWIFT_VERSION = 5.0;
				TARGETED_DEVICE_FAMILY = "1,2";
			};
			name = Debug;
		};
		2662AA992459ADD000FD3014 /* Release */ = {
			isa = XCBuildConfiguration;
			buildSettings = {
				ASSETCATALOG_COMPILER_APPICON_NAME = AppIcon;
				CODE_SIGN_STYLE = Automatic;
				DEVELOPMENT_TEAM = D878P8TW6L;
				INFOPLIST_FILE = layoutDSL/Info.plist;
				LD_RUNPATH_SEARCH_PATHS = (
					"$(inherited)",
					"@executable_path/Frameworks",
				);
				PRODUCT_BUNDLE_IDENTIFIER = com.photod.mnc.layoutDSL;
				PRODUCT_NAME = "$(TARGET_NAME)";
				SWIFT_VERSION = 5.0;
				TARGETED_DEVICE_FAMILY = "1,2";
			};
			name = Release;
		};
		2662AA9B2459ADD000FD3014 /* Debug */ = {
			isa = XCBuildConfiguration;
			buildSettings = {
				ALWAYS_EMBED_SWIFT_STANDARD_LIBRARIES = YES;
				BUNDLE_LOADER = "$(TEST_HOST)";
				CODE_SIGN_STYLE = Automatic;
				DEVELOPMENT_TEAM = D878P8TW6L;
				INFOPLIST_FILE = layoutDSLTests/Info.plist;
				IPHONEOS_DEPLOYMENT_TARGET = 13.4;
				LD_RUNPATH_SEARCH_PATHS = (
					"$(inherited)",
					"@executable_path/Frameworks",
					"@loader_path/Frameworks",
				);
				PRODUCT_BUNDLE_IDENTIFIER = com.photod.mnc.layoutDSLTests;
				PRODUCT_NAME = "$(TARGET_NAME)";
				SWIFT_VERSION = 5.0;
				TARGETED_DEVICE_FAMILY = "1,2";
				TEST_HOST = "$(BUILT_PRODUCTS_DIR)/layoutDSL.app/layoutDSL";
			};
			name = Debug;
		};
		2662AA9C2459ADD000FD3014 /* Release */ = {
			isa = XCBuildConfiguration;
			buildSettings = {
				ALWAYS_EMBED_SWIFT_STANDARD_LIBRARIES = YES;
				BUNDLE_LOADER = "$(TEST_HOST)";
				CODE_SIGN_STYLE = Automatic;
				DEVELOPMENT_TEAM = D878P8TW6L;
				INFOPLIST_FILE = layoutDSLTests/Info.plist;
				IPHONEOS_DEPLOYMENT_TARGET = 13.4;
				LD_RUNPATH_SEARCH_PATHS = (
					"$(inherited)",
					"@executable_path/Frameworks",
					"@loader_path/Frameworks",
				);
				PRODUCT_BUNDLE_IDENTIFIER = com.photod.mnc.layoutDSLTests;
				PRODUCT_NAME = "$(TARGET_NAME)";
				SWIFT_VERSION = 5.0;
				TARGETED_DEVICE_FAMILY = "1,2";
				TEST_HOST = "$(BUILT_PRODUCTS_DIR)/layoutDSL.app/layoutDSL";
			};
			name = Release;
		};
		2662AA9E2459ADD000FD3014 /* Debug */ = {
			isa = XCBuildConfiguration;
			buildSettings = {
				ALWAYS_EMBED_SWIFT_STANDARD_LIBRARIES = YES;
				CODE_SIGN_STYLE = Automatic;
				DEVELOPMENT_TEAM = D878P8TW6L;
				INFOPLIST_FILE = layoutDSLUITests/Info.plist;
				LD_RUNPATH_SEARCH_PATHS = (
					"$(inherited)",
					"@executable_path/Frameworks",
					"@loader_path/Frameworks",
				);
				PRODUCT_BUNDLE_IDENTIFIER = com.photod.mnc.layoutDSLUITests;
				PRODUCT_NAME = "$(TARGET_NAME)";
				SWIFT_VERSION = 5.0;
				TARGETED_DEVICE_FAMILY = "1,2";
				TEST_TARGET_NAME = layoutDSL;
			};
			name = Debug;
		};
		2662AA9F2459ADD000FD3014 /* Release */ = {
			isa = XCBuildConfiguration;
			buildSettings = {
				ALWAYS_EMBED_SWIFT_STANDARD_LIBRARIES = YES;
				CODE_SIGN_STYLE = Automatic;
				DEVELOPMENT_TEAM = D878P8TW6L;
				INFOPLIST_FILE = layoutDSLUITests/Info.plist;
				LD_RUNPATH_SEARCH_PATHS = (
					"$(inherited)",
					"@executable_path/Frameworks",
					"@loader_path/Frameworks",
				);
				PRODUCT_BUNDLE_IDENTIFIER = com.photod.mnc.layoutDSLUITests;
				PRODUCT_NAME = "$(TARGET_NAME)";
				SWIFT_VERSION = 5.0;
				TARGETED_DEVICE_FAMILY = "1,2";
				TEST_TARGET_NAME = layoutDSL;
			};
			name = Release;
		};
/* End XCBuildConfiguration section */

/* Begin XCConfigurationList section */
		2662AA682459ADCB00FD3014 /* Build configuration list for PBXProject "layoutDSL" */ = {
			isa = XCConfigurationList;
			buildConfigurations = (
				2662AA952459ADD000FD3014 /* Debug */,
				2662AA962459ADD000FD3014 /* Release */,
			);
			defaultConfigurationIsVisible = 0;
			defaultConfigurationName = Release;
		};
		2662AA972459ADD000FD3014 /* Build configuration list for PBXNativeTarget "layoutDSL" */ = {
			isa = XCConfigurationList;
			buildConfigurations = (
				2662AA982459ADD000FD3014 /* Debug */,
				2662AA992459ADD000FD3014 /* Release */,
			);
			defaultConfigurationIsVisible = 0;
			defaultConfigurationName = Release;
		};
		2662AA9A2459ADD000FD3014 /* Build configuration list for PBXNativeTarget "layoutDSLTests" */ = {
			isa = XCConfigurationList;
			buildConfigurations = (
				2662AA9B2459ADD000FD3014 /* Debug */,
				2662AA9C2459ADD000FD3014 /* Release */,
			);
			defaultConfigurationIsVisible = 0;
			defaultConfigurationName = Release;
		};
		2662AA9D2459ADD000FD3014 /* Build configuration list for PBXNativeTarget "layoutDSLUITests" */ = {
			isa = XCConfigurationList;
			buildConfigurations = (
				2662AA9E2459ADD000FD3014 /* Debug */,
				2662AA9F2459ADD000FD3014 /* Release */,
			);
			defaultConfigurationIsVisible = 0;
			defaultConfigurationName = Release;
		};
/* End XCConfigurationList section */
	};
	rootObject = 2662AA652459ADCB00FD3014 /* Project object */;
}
